
Microsoft Visual Studio Solution File, Format Version 12.00
# Visual Studio Version 17
VisualStudioVersion = 17.4.33205.214
MinimumVisualStudioVersion = 10.0.40219.1
Project("{9A19103F-16F7-4668-BE54-9A1E7A4F7556}") = "ShortSong", "ShortSong\ShortSong.csproj", "{EFD0C902-448F-4056-82FE-F582C1CA3CC1}"
EndProject
Project("{9A19103F-16F7-4668-BE54-9A1E7A4F7556}") = "DLayer", "DLayer\DLayer.csproj", "{0BA4141C-4386-498D-A83F-374982F2FDB2}"
EndProject
Project("{9A19103F-16F7-4668-BE54-9A1E7A4F7556}") = "BLayer", "BLayer\BLayer.csproj", "{9E641701-8070-49BB-AAD7-161855CB3521}"
EndProject
Project("{9A19103F-16F7-4668-BE54-9A1E7A4F7556}") = "FLayer", "Flayer\FLayer.csproj", "{4A403608-17B7-49F5-B69C-DD18B9CC2A43}"
EndProject
Project("{9A19103F-16F7-4668-BE54-9A1E7A4F7556}") = "FrontUT", "FrontUT\FrontUT.csproj", "{93ED6347-D613-43DF-B054-CE4C76B62370}"
EndProject
Project("{2150E333-8FDC-42A3-9474-1A3956D46DE8}") = "Gen", "Gen", "{68F1CB32-0FB2-4310-AB60-C2B0453D6B8A}"
EndProject
Project("{9A19103F-16F7-4668-BE54-9A1E7A4F7556}") = "GenBLayer", "Gen\GenBLayer\GenBLayer.csproj", "{86942066-49B9-4ABE-AE46-B70290BFAC1F}"
EndProject
Project("{9A19103F-16F7-4668-BE54-9A1E7A4F7556}") = "GenFront", "Gen\GenFront\GenFront.csproj", "{E89E2229-0C70-437F-AEA4-218165964A6F}"
EndProject
Project("{9A19103F-16F7-4668-BE54-9A1E7A4F7556}") = "InterfaceMaker", "Gen\InterfaceMaker\InterfaceMaker.csproj", "{0B9CFDAA-8062-4CD8-9F49-D121ABF46C3F}"
EndProject
Project("{FAE04EC0-301F-11D3-BF4B-00C04F79EFBC}") = "Interfaces", "Interfaces\Interfaces.csproj", "{E7126DDF-B3BE-4B5D-A87F-24CCCC331C59}"
EndProject
Global
	GlobalSection(SolutionConfigurationPlatforms) = preSolution
		Debug|Any CPU = Debug|Any CPU
		Release|Any CPU = Release|Any CPU
	EndGlobalSection
	GlobalSection(ProjectConfigurationPlatforms) = postSolution
		{EFD0C902-448F-4056-82FE-F582C1CA3CC1}.Debug|Any CPU.ActiveCfg = Debug|Any CPU
		{EFD0C902-448F-4056-82FE-F582C1CA3CC1}.Debug|Any CPU.Build.0 = Debug|Any CPU
		{EFD0C902-448F-4056-82FE-F582C1CA3CC1}.Release|Any CPU.ActiveCfg = Release|Any CPU
		{EFD0C902-448F-4056-82FE-F582C1CA3CC1}.Release|Any CPU.Build.0 = Release|Any CPU
		{0BA4141C-4386-498D-A83F-374982F2FDB2}.Debug|Any CPU.ActiveCfg = Debug|Any CPU
		{0BA4141C-4386-498D-A83F-374982F2FDB2}.Debug|Any CPU.Build.0 = Debug|Any CPU
		{0BA4141C-4386-498D-A83F-374982F2FDB2}.Release|Any CPU.ActiveCfg = Release|Any CPU
		{0BA4141C-4386-498D-A83F-374982F2FDB2}.Release|Any CPU.Build.0 = Release|Any CPU
		{9E641701-8070-49BB-AAD7-161855CB3521}.Debug|Any CPU.ActiveCfg = Debug|Any CPU
		{9E641701-8070-49BB-AAD7-161855CB3521}.Debug|Any CPU.Build.0 = Debug|Any CPU
		{9E641701-8070-49BB-AAD7-161855CB3521}.Release|Any CPU.ActiveCfg = Release|Any CPU
		{9E641701-8070-49BB-AAD7-161855CB3521}.Release|Any CPU.Build.0 = Release|Any CPU
		{4A403608-17B7-49F5-B69C-DD18B9CC2A43}.Debug|Any CPU.ActiveCfg = Debug|Any CPU
		{4A403608-17B7-49F5-B69C-DD18B9CC2A43}.Debug|Any CPU.Build.0 = Debug|Any CPU
		{4A403608-17B7-49F5-B69C-DD18B9CC2A43}.Release|Any CPU.ActiveCfg = Release|Any CPU
		{4A403608-17B7-49F5-B69C-DD18B9CC2A43}.Release|Any CPU.Build.0 = Release|Any CPU
		{93ED6347-D613-43DF-B054-CE4C76B62370}.Debug|Any CPU.ActiveCfg = Debug|Any CPU
		{93ED6347-D613-43DF-B054-CE4C76B62370}.Debug|Any CPU.Build.0 = Debug|Any CPU
		{93ED6347-D613-43DF-B054-CE4C76B62370}.Release|Any CPU.ActiveCfg = Release|Any CPU
		{93ED6347-D613-43DF-B054-CE4C76B62370}.Release|Any CPU.Build.0 = Release|Any CPU
		{86942066-49B9-4ABE-AE46-B70290BFAC1F}.Debug|Any CPU.ActiveCfg = Debug|Any CPU
		{86942066-49B9-4ABE-AE46-B70290BFAC1F}.Debug|Any CPU.Build.0 = Debug|Any CPU
		{86942066-49B9-4ABE-AE46-B70290BFAC1F}.Release|Any CPU.ActiveCfg = Release|Any CPU
		{86942066-49B9-4ABE-AE46-B70290BFAC1F}.Release|Any CPU.Build.0 = Release|Any CPU
		{E89E2229-0C70-437F-AEA4-218165964A6F}.Debug|Any CPU.ActiveCfg = Debug|Any CPU
		{E89E2229-0C70-437F-AEA4-218165964A6F}.Debug|Any CPU.Build.0 = Debug|Any CPU
		{E89E2229-0C70-437F-AEA4-218165964A6F}.Release|Any CPU.ActiveCfg = Release|Any CPU
		{E89E2229-0C70-437F-AEA4-218165964A6F}.Release|Any CPU.Build.0 = Release|Any CPU
		{0B9CFDAA-8062-4CD8-9F49-D121ABF46C3F}.Debug|Any CPU.ActiveCfg = Debug|Any CPU
		{0B9CFDAA-8062-4CD8-9F49-D121ABF46C3F}.Debug|Any CPU.Build.0 = Debug|Any CPU
		{0B9CFDAA-8062-4CD8-9F49-D121ABF46C3F}.Release|Any CPU.ActiveCfg = Release|Any CPU
		{0B9CFDAA-8062-4CD8-9F49-D121ABF46C3F}.Release|Any CPU.Build.0 = Release|Any CPU
		{E7126DDF-B3BE-4B5D-A87F-24CCCC331C59}.Debug|Any CPU.ActiveCfg = Debug|Any CPU
		{E7126DDF-B3BE-4B5D-A87F-24CCCC331C59}.Debug|Any CPU.Build.0 = Debug|Any CPU
		{E7126DDF-B3BE-4B5D-A87F-24CCCC331C59}.Release|Any CPU.ActiveCfg = Release|Any CPU
		{E7126DDF-B3BE-4B5D-A87F-24CCCC331C59}.Release|Any CPU.Build.0 = Release|Any CPU
	EndGlobalSection
	GlobalSection(SolutionProperties) = preSolution
		HideSolutionNode = FALSE
	EndGlobalSection
	GlobalSection(NestedProjects) = preSolution
		{86942066-49B9-4ABE-AE46-B70290BFAC1F} = {68F1CB32-0FB2-4310-AB60-C2B0453D6B8A}
		{E89E2229-0C70-437F-AEA4-218165964A6F} = {68F1CB32-0FB2-4310-AB60-C2B0453D6B8A}
		{0B9CFDAA-8062-4CD8-9F49-D121ABF46C3F} = {68F1CB32-0FB2-4310-AB60-C2B0453D6B8A}
	EndGlobalSection
	GlobalSection(ExtensibilityGlobals) = postSolution
		SolutionGuid = {9098F82F-0917-4F9A-B033-74457E732A24}
	EndGlobalSection
EndGlobal
